# THIS IS AN AUTOGENERATED FILE. DO NOT EDIT THIS FILE DIRECTLY.
# yarn lockfile v1


address@>=0.0.1, address@^1.0.0:
  version "1.0.1"
  resolved "http://registry.npm.taobao.org/address/download/address-1.0.1.tgz#363f5d3f2be26d0655d8afd5a9562e4fc2194537"

agentkeepalive@^2.1.1:
  version "2.2.0"
  resolved "http://registry.npm.taobao.org/agentkeepalive/download/agentkeepalive-2.2.0.tgz#c5d1bd4b129008f1163f236f86e5faea2026e2ef"

ali-oss@^4.8.0:
  version "4.8.0"
  resolved "http://registry.npm.taobao.org/ali-oss/download/ali-oss-4.8.0.tgz#4df201516959ddef1d95abffbf3ca26cdcff25db"
  dependencies:
    address "^1.0.0"
    agentkeepalive "^2.1.1"
    bowser "^1.6.0"
    co "^4.6.0"
    co-defer "^1.0.0"
    co-gather "^0.0.1"
    copy-to "^2.0.1"
    dateformat "^2.0.0"
    debug "^2.2.0"
    destroy "^1.0.4"
    end-or-error "^1.0.1"
    get-ready "^1.0.0"
    humanize-ms "^1.2.0"
    is-type-of "^1.0.0"
    merge-descriptors "^1.0.1"
    mime "^1.3.4"
    platform "^1.3.1"
    sdk-base "^2.0.1"
    urllib "^2.17.1"
    utility "^1.8.0"
    xml2js "^0.4.16"

ansi-regex@^2.0.0:
  version "2.1.1"
  resolved "http://registry.npm.taobao.org/ansi-regex/download/ansi-regex-2.1.1.tgz#c3b33ab5ee360d86e0e628f0468ae7ef27d654df"

ansi-styles@^2.2.1:
  version "2.2.1"
  resolved "http://registry.npm.taobao.org/ansi-styles/download/ansi-styles-2.2.1.tgz#b432dd3358b634cf75e1e4664368240533c1ddbe"

any-promise@^1.3.0:
  version "1.3.0"
  resolved "http://registry.npm.taobao.org/any-promise/download/any-promise-1.3.0.tgz#abc6afeedcea52e809cdc0376aed3ce39635d17f"

bowser@^1.6.0:
  version "1.6.1"
  resolved "http://registry.npm.taobao.org/bowser/download/bowser-1.6.1.tgz#9157e9498f456e937173a2918f3b2161e5353eb3"

chalk@^1.1.3:
  version "1.1.3"
  resolved "http://registry.npm.taobao.org/chalk/download/chalk-1.1.3.tgz#a8115c55e4a702fe4d150abd3872822a7e09fc98"
  dependencies:
    ansi-styles "^2.2.1"
    escape-string-regexp "^1.0.2"
    has-ansi "^2.0.0"
    strip-ansi "^3.0.0"
    supports-color "^2.0.0"

co-defer@^1.0.0:
  version "1.0.0"
  resolved "http://registry.npm.taobao.org/co-defer/download/co-defer-1.0.0.tgz#3e4a787a8eed6b0a21ee287c094f7e8de0d3c818"

co-gather@^0.0.1:
  version "0.0.1"
  resolved "http://registry.npm.taobao.org/co-gather/download/co-gather-0.0.1.tgz#efa35fbef02c9f647d8a740b3f5db731862535bc"
  dependencies:
    co-thread "0.0.1"

co-thread@0.0.1:
  version "0.0.1"
  resolved "http://registry.npm.taobao.org/co-thread/download/co-thread-0.0.1.tgz#57713f0ef4b87e5595d4f23711ffe4b3b6de5e74"

co@^4.6.0:
  version "4.6.0"
  resolved "http://registry.npm.taobao.org/co/download/co-4.6.0.tgz#6ea6bdf3d853ae54ccb8e47bfa0bf3f9031fb184"

content-type@^1.0.2:
  version "1.0.2"
  resolved "http://registry.npm.taobao.org/content-type/download/content-type-1.0.2.tgz#b7d113aee7a8dd27bd21133c4dc2529df1721eed"

copy-to@^2.0.1, copy-to@~2.0.1:
  version "2.0.1"
  resolved "http://registry.npm.taobao.org/copy-to/download/copy-to-2.0.1.tgz#2680fbb8068a48d08656b6098092bdafc906f4a5"

core-util-is@~1.0.1:
  version "1.0.2"
  resolved "http://registry.npm.taobao.org/core-util-is/download/core-util-is-1.0.2.tgz#b5fd54220aa2bc5ab57aab7140c940754503c1a7"

dateformat@^2.0.0:
  version "2.0.0"
  resolved "http://registry.npm.taobao.org/dateformat/download/dateformat-2.0.0.tgz#2743e3abb5c3fc2462e527dca445e04e9f4dee17"

debug@^2.2.0, debug@^2.6.0:
  version "2.6.3"
  resolved "http://registry.npm.taobao.org/debug/download/debug-2.6.3.tgz#0f7eb8c30965ec08c72accfa0130c8b79984141d"
  dependencies:
    ms "0.7.2"

default-user-agent@^1.0.0:
  version "1.0.0"
  resolved "http://registry.npm.taobao.org/default-user-agent/download/default-user-agent-1.0.0.tgz#16c46efdcaba3edc45f24f2bd4868b01b7c2adc6"
  dependencies:
    os-name "~1.0.3"

destroy@^1.0.4:
  version "1.0.4"
  resolved "http://registry.npm.taobao.org/destroy/download/destroy-1.0.4.tgz#978857442c44749e4206613e37946205826abd80"

digest-header@^0.0.1:
  version "0.0.1"
  resolved "http://registry.npm.taobao.org/digest-header/download/digest-header-0.0.1.tgz#11ccf6deec5766ac379744d901c12cba49514be6"
  dependencies:
    utility "0.1.11"

ee-first@~1.1.1:
  version "1.1.1"
  resolved "http://registry.npm.taobao.org/ee-first/download/ee-first-1.1.1.tgz#590c61156b0ae2f4f0255732a158b266bc56b21d"

end-or-error@^1.0.1:
  version "1.0.1"
  resolved "http://registry.npm.taobao.org/end-or-error/download/end-or-error-1.0.1.tgz#dc7a6210fe78d372fee24a8b4899dbd155414dcb"

escape-html@~1.0.3:
  version "1.0.3"
  resolved "http://registry.npm.taobao.org/escape-html/download/escape-html-1.0.3.tgz#0258eae4d3d0c0974de1c169188ef0051d1d1988"

escape-string-regexp@^1.0.2:
  version "1.0.5"
  resolved "http://registry.npm.taobao.org/escape-string-regexp/download/escape-string-regexp-1.0.5.tgz#1b61c0562190a8dff6ae3bb2cf0200ca130b86d4"

get-ready@^1.0.0, get-ready@~1.0.0:
  version "1.0.0"
  resolved "http://registry.npm.taobao.org/get-ready/download/get-ready-1.0.0.tgz#f91817f1e9adecfea13a562adfc8de883ab34782"

has-ansi@^2.0.0:
  version "2.0.0"
  resolved "http://registry.npm.taobao.org/has-ansi/download/has-ansi-2.0.0.tgz#34f5049ce1ecdf2b0649af3ef24e45ed35416d91"
  dependencies:
    ansi-regex "^2.0.0"

humanize-ms@^1.2.0:
  version "1.2.0"
  resolved "http://registry.npm.taobao.org/humanize-ms/download/humanize-ms-1.2.0.tgz#4d691a1fa1b87989789af8e58cddfd550622e4d4"
  dependencies:
    ms "~0.7.0"

iconv-lite@^0.4.15:
  version "0.4.15"
  resolved "http://registry.npm.taobao.org/iconv-lite/download/iconv-lite-0.4.15.tgz#fe265a218ac6a57cfe854927e9d04c19825eddeb"

is-class@~0.0.3:
  version "0.0.4"
  resolved "http://registry.npm.taobao.org/is-class/download/is-class-0.0.4.tgz#e057451705bb34e39e3e33598c93a9837296b736"

is-type-of@^1.0.0:
  version "1.0.0"
  resolved "http://registry.npm.taobao.org/is-type-of/download/is-type-of-1.0.0.tgz#a506652e352751de88aeb41f20c1691de385e38c"
  dependencies:
    core-util-is "~1.0.1"
    is-class "~0.0.3"
    isstream "~0.1.2"

isstream@~0.1.2:
  version "0.1.2"
  resolved "http://registry.npm.taobao.org/isstream/download/isstream-0.1.2.tgz#47e63f7af55afa6f92e1500e690eb8b8529c099a"

lodash@^4.0.0, lodash@^4.17.4:
  version "4.17.4"
  resolved "http://registry.npm.taobao.org/lodash/download/lodash-4.17.4.tgz#78203a4d1c328ae1d86dca6460e369b57f4055ae"

merge-descriptors@^1.0.1:
  version "1.0.1"
  resolved "http://registry.npm.taobao.org/merge-descriptors/download/merge-descriptors-1.0.1.tgz#b00aaa556dd8b44568150ec9d1b953f3f90cbb61"

mime@^1.3.4:
  version "1.3.4"
  resolved "http://registry.npm.taobao.org/mime/download/mime-1.3.4.tgz#115f9e3b6b3daf2959983cb38f149a2d40eb5d53"

minimist@^1.1.0:
  version "1.2.0"
  resolved "http://registry.npm.taobao.org/minimist/download/minimist-1.2.0.tgz#a35008b20f41383eec1fb914f4cd5df79a264284"

ms@0.7.2:
  version "0.7.2"
  resolved "http://registry.npm.taobao.org/ms/download/ms-0.7.2.tgz#ae25cf2512b3885a1d95d7f037868d8431124765"

ms@~0.7.0:
  version "0.7.3"
  resolved "http://registry.npm.taobao.org/ms/download/ms-0.7.3.tgz#708155a5e44e33f5fd0fc53e81d0d40a91be1fff"

os-name@~1.0.3:
  version "1.0.3"
  resolved "http://registry.npm.taobao.org/os-name/download/os-name-1.0.3.tgz#1b379f64835af7c5a7f498b357cb95215c159edf"
  dependencies:
    osx-release "^1.0.0"
    win-release "^1.0.0"

osx-release@^1.0.0:
  version "1.1.0"
  resolved "http://registry.npm.taobao.org/osx-release/download/osx-release-1.1.0.tgz#f217911a28136949af1bf9308b241e2737d3cd6c"
  dependencies:
    minimist "^1.1.0"

platform@^1.3.1:
  version "1.3.4"
  resolved "http://registry.npm.taobao.org/platform/download/platform-1.3.4.tgz#6f0fb17edaaa48f21442b3a975c063130f1c3ebd"

qs@^6.4.0:
  version "6.4.0"
  resolved "http://registry.npm.taobao.org/qs/download/qs-6.4.0.tgz#13e26d28ad6b0ffaa91312cd3bf708ed351e7233"

sax@>=0.6.0:
  version "1.2.2"
  resolved "http://registry.npm.taobao.org/sax/download/sax-1.2.2.tgz#fd8631a23bc7826bef5d871bdb87378c95647828"

sdk-base@^2.0.1:
  version "2.0.1"
  resolved "http://registry.npm.taobao.org/sdk-base/download/sdk-base-2.0.1.tgz#ba40289e8bdf272ed11dd9ea97eaf98e036d24c6"
  dependencies:
    get-ready "~1.0.0"

semver@^5.0.1:
  version "5.3.0"
  resolved "http://registry.npm.taobao.org/semver/download/semver-5.3.0.tgz#9b2ce5d3de02d17c6012ad326aa6b4d0cf54f94f"

statuses@^1.3.1:
  version "1.3.1"
  resolved "http://registry.npm.taobao.org/statuses/download/statuses-1.3.1.tgz#faf51b9eb74aaef3b3acf4ad5f61abf24cb7b93e"

strip-ansi@^3.0.0:
  version "3.0.1"
  resolved "http://registry.npm.taobao.org/strip-ansi/download/strip-ansi-3.0.1.tgz#6a385fb8853d952d5ff05d0e8aaf94278dc63dcf"
  dependencies:
    ansi-regex "^2.0.0"

supports-color@^2.0.0:
  version "2.0.0"
  resolved "http://registry.npm.taobao.org/supports-color/download/supports-color-2.0.0.tgz#535d045ce6b6363fa40117084629995e9df324c7"

urllib@^2.17.1:
  version "2.22.0"
  resolved "http://registry.npm.taobao.org/urllib/download/urllib-2.22.0.tgz#2965dc4ae127a6fb695b7db27d3184f17d82cb42"
  dependencies:
    any-promise "^1.3.0"
    content-type "^1.0.2"
    debug "^2.6.0"
    default-user-agent "^1.0.0"
    digest-header "^0.0.1"
    ee-first "~1.1.1"
    humanize-ms "^1.2.0"
    iconv-lite "^0.4.15"
    qs "^6.4.0"
    statuses "^1.3.1"

utility@0.1.11:
  version "0.1.11"
  resolved "http://registry.npm.taobao.org/utility/download/utility-0.1.11.tgz#fde60cf9b4e4751947a0cf5d104ce29367226715"
  dependencies:
    address ">=0.0.1"

utility@^1.8.0:
  version "1.12.0"
  resolved "http://registry.npm.taobao.org/utility/download/utility-1.12.0.tgz#bd69307863a3884ee58821251215b9872fb84058"
  dependencies:
    copy-to "~2.0.1"
    escape-html "~1.0.3"

win-release@^1.0.0:
  version "1.1.1"
  resolved "http://registry.npm.taobao.org/win-release/download/win-release-1.1.1.tgz#5fa55e02be7ca934edfc12665632e849b72e5209"
  dependencies:
    semver "^5.0.1"

xml2js@^0.4.16:
  version "0.4.17"
  resolved "http://registry.npm.taobao.org/xml2js/download/xml2js-0.4.17.tgz#17be93eaae3f3b779359c795b419705a8817e868"
  dependencies:
    sax ">=0.6.0"
    xmlbuilder "^4.1.0"

xmlbuilder@^4.1.0:
  version "4.2.1"
  resolved "http://registry.npm.taobao.org/xmlbuilder/download/xmlbuilder-4.2.1.tgz#aa58a3041a066f90eaa16c2f5389ff19f3f461a5"
  dependencies:
    lodash "^4.0.0"
